{
  "name": "romeGEOJSON",
  "version": "1.0.0",
  "lockfileVersion": 1,
  "requires": true,
  "dependencies": {
    "concat-stream": {
      "version": "1.4.10",
      "resolved": "https://registry.npmjs.org/concat-stream/-/concat-stream-1.4.10.tgz",
      "integrity": "sha1-rMO79WAsuMyYDGrIQPp9hgPj7zY=",
      "requires": {
        "inherits": "2.0.3",
        "readable-stream": "1.1.14",
        "typedarray": "0.0.6"
      }
    },
    "core-util-is": {
      "version": "1.0.2",
      "resolved": "https://registry.npmjs.org/core-util-is/-/core-util-is-1.0.2.tgz",
      "integrity": "sha1-tf1UIgqivFq1eqtxQMlAdUUDwac="
    },
    "inherits": {
      "version": "2.0.3",
      "resolved": "https://registry.npmjs.org/inherits/-/inherits-2.0.3.tgz",
      "integrity": "sha1-Yzwsg+PaQqUC9SRmAiSA9CCCYd4="
    },
    "isarray": {
      "version": "0.0.1",
      "resolved": "https://registry.npmjs.org/isarray/-/isarray-0.0.1.tgz",
      "integrity": "sha1-ihis/Kmo9Bd+Cav8YDiTmwXR7t8="
    },
    "minimist": {
      "version": "0.0.7",
      "resolved": "https://registry.npmjs.org/minimist/-/minimist-0.0.7.tgz",
      "integrity": "sha1-3ExiAlPFQu2g0uuRw8apcaEeY+c="
    },
    "readable-stream": {
      "version": "1.1.14",
      "resolved": "https://registry.npmjs.org/readable-stream/-/readable-stream-1.1.14.tgz",
      "integrity": "sha1-fPTFTvZI44EwhMY23SB54WbAgdk=",
      "requires": {
        "core-util-is": "1.0.2",
        "inherits": "2.0.3",
        "isarray": "0.0.1",
        "string_decoder": "0.10.31"
      }
    },
    "simplify-geojson": {
      "version": "1.0.3",
      "resolved": "https://registry.npmjs.org/simplify-geojson/-/simplify-geojson-1.0.3.tgz",
      "integrity": "sha1-T57U8PYr6G04UmvNyuBysOnfXvQ=",
      "requires": {
        "concat-stream": "1.4.10",
        "minimist": "0.0.7",
        "simplify-geometry": "0.0.2"
      }
    },
    "simplify-geometry": {
      "version": "0.0.2",
      "resolved": "https://registry.npmjs.org/simplify-geometry/-/simplify-geometry-0.0.2.tgz",
      "integrity": "sha1-Y3l+Z26uloNazgK80n0+GvVE9Jw="
    },
    "string_decoder": {
      "version": "0.10.31",
      "resolved": "https://registry.npmjs.org/string_decoder/-/string_decoder-0.10.31.tgz",
      "integrity": "sha1-YuIDvEF2bGwoyfyEMB2rHFMQ+pQ="
    },
    "typedarray": {
      "version": "0.0.6",
      "resolved": "https://registry.npmjs.org/typedarray/-/typedarray-0.0.6.tgz",
      "integrity": "sha1-hnrHTjhkGHsdPUfZlqeOxciDB3c="
    }
  }
}
